
Microsoft Visual Studio Solution File, Format Version 12.00
# Visual Studio Version 17
VisualStudioVersion = 17.5.33516.290
MinimumVisualStudioVersion = 10.0.40219.1
Project("{FAE04EC0-301F-11D3-BF4B-00C04F79EFBC}") = "Bolt.App", "Bolt.App.csproj", "{067969C0-A05F-4076-8379-1E3D2513A4C4}"
EndProject
Project("{FAE04EC0-301F-11D3-BF4B-00C04F79EFBC}") = "Bolt.Core", "..\Bolt.Core\Bolt.Core.csproj", "{766A4DA9-14F7-4BCE-BF49-AEAD741D253E}"
EndProject
Global
	GlobalSection(SolutionConfigurationPlatforms) = preSolution
		Debug|Any CPU = Debug|Any CPU
		Release|Any CPU = Release|Any CPU
	EndGlobalSection
	GlobalSection(ProjectConfigurationPlatforms) = postSolution
		{067969C0-A05F-4076-8379-1E3D2513A4C4}.Debug|Any CPU.ActiveCfg = Debug|Any CPU
		{067969C0-A05F-4076-8379-1E3D2513A4C4}.Debug|Any CPU.Build.0 = Debug|Any CPU
		{067969C0-A05F-4076-8379-1E3D2513A4C4}.Release|Any CPU.ActiveCfg = Release|Any CPU
		{067969C0-A05F-4076-8379-1E3D2513A4C4}.Release|Any CPU.Build.0 = Release|Any CPU
		{766A4DA9-14F7-4BCE-BF49-AEAD741D253E}.Debug|Any CPU.ActiveCfg = Debug|Any CPU
		{766A4DA9-14F7-4BCE-BF49-AEAD741D253E}.Debug|Any CPU.Build.0 = Debug|Any CPU
		{766A4DA9-14F7-4BCE-BF49-AEAD741D253E}.Release|Any CPU.ActiveCfg = Release|Any CPU
		{766A4DA9-14F7-4BCE-BF49-AEAD741D253E}.Release|Any CPU.Build.0 = Release|Any CPU
	EndGlobalSection
	GlobalSection(SolutionProperties) = preSolution
		HideSolutionNode = FALSE
	EndGlobalSection
	GlobalSection(ExtensibilityGlobals) = postSolution
		SolutionGuid = {1BFE4A37-0E9F-4B40-8C06-510CE17C1A22}
	EndGlobalSection
EndGlobal
